
Microsoft Visual Studio Solution File, Format Version 12.00
# Visual Studio 2012
Project("{FAE04EC0-301F-11D3-BF4B-00C04F79EFBC}") = "MvcApplication2", "MvcApplication2\MvcApplication2.csproj", "{30E6A597-5C12-4395-8743-455519CA79B2}"
EndProject
Project("{FAE04EC0-301F-11D3-BF4B-00C04F79EFBC}") = "UnitTestProject1", "UnitTestProject1\UnitTestProject1.csproj", "{91C0E475-5CD6-49C1-B779-F8FEAF470C97}"
EndProject
Global
	GlobalSection(SolutionConfigurationPlatforms) = preSolution
		Debug|Any CPU = Debug|Any CPU
		Release|Any CPU = Release|Any CPU
	EndGlobalSection
	GlobalSection(ProjectConfigurationPlatforms) = postSolution
		{30E6A597-5C12-4395-8743-455519CA79B2}.Debug|Any CPU.ActiveCfg = Debug|Any CPU
		{30E6A597-5C12-4395-8743-455519CA79B2}.Debug|Any CPU.Build.0 = Debug|Any CPU
		{30E6A597-5C12-4395-8743-455519CA79B2}.Release|Any CPU.ActiveCfg = Release|Any CPU
		{30E6A597-5C12-4395-8743-455519CA79B2}.Release|Any CPU.Build.0 = Release|Any CPU
		{91C0E475-5CD6-49C1-B779-F8FEAF470C97}.Debug|Any CPU.ActiveCfg = Debug|Any CPU
		{91C0E475-5CD6-49C1-B779-F8FEAF470C97}.Debug|Any CPU.Build.0 = Debug|Any CPU
		{91C0E475-5CD6-49C1-B779-F8FEAF470C97}.Release|Any CPU.ActiveCfg = Release|Any CPU
		{91C0E475-5CD6-49C1-B779-F8FEAF470C97}.Release|Any CPU.Build.0 = Release|Any CPU
	EndGlobalSection
	GlobalSection(SolutionProperties) = preSolution
		HideSolutionNode = FALSE
	EndGlobalSection
EndGlobal
